
Microsoft Visual Studio Solution File, Format Version 12.00
# Visual Studio Version 16
VisualStudioVersion = 16.0.31515.178
MinimumVisualStudioVersion = 10.0.40219.1
Project("{FAE04EC0-301F-11D3-BF4B-00C04F79EFBC}") = "ASP.NET Project", "ASP.NET Project.csproj", "{978B6CB0-1F2D-4E89-A488-050B92B89055}"
EndProject
Global
	GlobalSection(SolutionConfigurationPlatforms) = preSolution
		Debug|Any CPU = Debug|Any CPU
		Release|Any CPU = Release|Any CPU
	EndGlobalSection
	GlobalSection(ProjectConfigurationPlatforms) = postSolution
		{978B6CB0-1F2D-4E89-A488-050B92B89055}.Debug|Any CPU.ActiveCfg = Debug|Any CPU
		{978B6CB0-1F2D-4E89-A488-050B92B89055}.Debug|Any CPU.Build.0 = Debug|Any CPU
		{978B6CB0-1F2D-4E89-A488-050B92B89055}.Release|Any CPU.ActiveCfg = Release|Any CPU
		{978B6CB0-1F2D-4E89-A488-050B92B89055}.Release|Any CPU.Build.0 = Release|Any CPU
	EndGlobalSection
	GlobalSection(SolutionProperties) = preSolution
		HideSolutionNode = FALSE
	EndGlobalSection
	GlobalSection(ExtensibilityGlobals) = postSolution
		SolutionGuid = {37A4776F-45B4-474E-B4EE-DC7E7DEC2BE5}
	EndGlobalSection
EndGlobal
